{
  "name": "orbis",
  "version": "0.1.0",
  "lockfileVersion": 3,
  "requires": true,
  "packages": {
    "": {
      "name": "orbis",
      "version": "0.1.0",
      "license": "MIT",
      "devDependencies": {
        "doctrina-cli": "^0.17.0"
      },
      "engines": {
        "node": ">=22.12"
      }
    },
    "node_modules/doctrina-cli": {
      "version": "0.17.0",
      "resolved": "https://registry.npmjs.org/doctrina-cli/-/doctrina-cli-0.17.0.tgz",
      "integrity": "sha512-B4kddLptGUt5jF34FZqFqEClAvu700JHCAS8l3xY8GsBB3jtGQ2t0Y1Lmh0xZar7QmJWgPt2eajyIvooxV3+2A==",
      "dev": true,
      "license": "MIT",
      "bin": {
        "doctrina": "src/index.js"
      },
      "engines": {
        "node": ">=20.12"
      }
    }
  }
}
